// !$*UTF8*$!
{
	archiveVersion = 1;
	classes = {
	};
	objectVersion = 56;
	objects = {

/* Begin PBXBuildFile section */
		243086292B23FE86006C78E9 /* WeatherIsMyMoodApp.swift in Sources */ = {isa = PBXBuildFile; fileRef = 243086282B23FE86006C78E9 /* WeatherIsMyMoodApp.swift */; };
		2430862B2B23FE86006C78E9 /* WeatherView.swift in Sources */ = {isa = PBXBuildFile; fileRef = 2430862A2B23FE86006C78E9 /* WeatherView.swift */; };
		2430862D2B23FE89006C78E9 /* Assets.xcassets in Resources */ = {isa = PBXBuildFile; fileRef = 2430862C2B23FE89006C78E9 /* Assets.xcassets */; };
		243086302B23FE89006C78E9 /* Preview Assets.xcassets in Resources */ = {isa = PBXBuildFile; fileRef = 2430862F2B23FE89006C78E9 /* Preview Assets.xcassets */; };
		2430863A2B23FE8A006C78E9 /* WeatherIsMyMoodTests.swift in Sources */ = {isa = PBXBuildFile; fileRef = 243086392B23FE8A006C78E9 /* WeatherIsMyMoodTests.swift */; };
		243086442B23FE8A006C78E9 /* WeatherIsMyMoodUITests.swift in Sources */ = {isa = PBXBuildFile; fileRef = 243086432B23FE8A006C78E9 /* WeatherIsMyMoodUITests.swift */; };
		243086462B23FE8A006C78E9 /* WeatherIsMyMoodUITestsLaunchTests.swift in Sources */ = {isa = PBXBuildFile; fileRef = 243086452B23FE8A006C78E9 /* WeatherIsMyMoodUITestsLaunchTests.swift */; };
		2458CD222B25D720008F4AFE /* TitleView.swift in Sources */ = {isa = PBXBuildFile; fileRef = 2458CD212B25D720008F4AFE /* TitleView.swift */; };
		2458CD242B25F5F3008F4AFE /* MainView.swift in Sources */ = {isa = PBXBuildFile; fileRef = 2458CD232B25F5F3008F4AFE /* MainView.swift */; };
		2458CD282B25F8BF008F4AFE /* DecorationView.swift in Sources */ = {isa = PBXBuildFile; fileRef = 2458CD272B25F8BF008F4AFE /* DecorationView.swift */; };
		247212D42B27FC5A009A6DE5 /* SettingsView.swift in Sources */ = {isa = PBXBuildFile; fileRef = 247212D32B27FC5A009A6DE5 /* SettingsView.swift */; };
		247212D72B2822E7009A6DE5 /* LoadingView.swift in Sources */ = {isa = PBXBuildFile; fileRef = 247212D62B2822E7009A6DE5 /* LoadingView.swift */; };
		247212DA2B282CBF009A6DE5 /* WeatherAttributes.swift in Sources */ = {isa = PBXBuildFile; fileRef = 247212D92B282CBF009A6DE5 /* WeatherAttributes.swift */; };
		247212E12B282F3F009A6DE5 /* WidgetKit.framework in Frameworks */ = {isa = PBXBuildFile; fileRef = 247212E02B282F3E009A6DE5 /* WidgetKit.framework */; };
		247212E32B282F3F009A6DE5 /* SwiftUI.framework in Frameworks */ = {isa = PBXBuildFile; fileRef = 247212E22B282F3F009A6DE5 /* SwiftUI.framework */; };
		247212E62B282F3F009A6DE5 /* WeatherWidgetBundle.swift in Sources */ = {isa = PBXBuildFile; fileRef = 247212E52B282F3F009A6DE5 /* WeatherWidgetBundle.swift */; };
		247212EA2B282F3F009A6DE5 /* WeatherWidget.swift in Sources */ = {isa = PBXBuildFile; fileRef = 247212E92B282F3F009A6DE5 /* WeatherWidget.swift */; };
		247212EE2B282F41009A6DE5 /* Assets.xcassets in Resources */ = {isa = PBXBuildFile; fileRef = 247212ED2B282F41009A6DE5 /* Assets.xcassets */; };
		247212F22B282F41009A6DE5 /* WeatherWidgetExtension.appex in Embed Foundation Extensions */ = {isa = PBXBuildFile; fileRef = 247212DF2B282F3E009A6DE5 /* WeatherWidgetExtension.appex */; settings = {ATTRIBUTES = (RemoveHeadersOnCopy, ); }; };
		247212F72B282FD1009A6DE5 /* WeatherAttributes.swift in Sources */ = {isa = PBXBuildFile; fileRef = 247212D92B282CBF009A6DE5 /* WeatherAttributes.swift */; };
		247212F92B2837F0009A6DE5 /* EnableToggleView.swift in Sources */ = {isa = PBXBuildFile; fileRef = 247212F82B2837F0009A6DE5 /* EnableToggleView.swift */; };
		247212FB2B2841D5009A6DE5 /* UIImage+Extensions.swift in Sources */ = {isa = PBXBuildFile; fileRef = 247212FA2B2841D5009A6DE5 /* UIImage+Extensions.swift */; };
		247212FE2B28B2FA009A6DE5 /* StorageCacheManager.swift in Sources */ = {isa = PBXBuildFile; fileRef = 247212FD2B28B2FA009A6DE5 /* StorageCacheManager.swift */; };
		247213002B28C4AD009A6DE5 /* View+Extensions.swift in Sources */ = {isa = PBXBuildFile; fileRef = 247212FF2B28C4AD009A6DE5 /* View+Extensions.swift */; };
		248E3F452B249369001B10C3 /* LocationManager.swift in Sources */ = {isa = PBXBuildFile; fileRef = 248E3F442B249369001B10C3 /* LocationManager.swift */; };
		248E3F472B25769E001B10C3 /* HourlyForcastView.swift in Sources */ = {isa = PBXBuildFile; fileRef = 248E3F462B25769E001B10C3 /* HourlyForcastView.swift */; };
		248E3F492B258120001B10C3 /* TenDayForcastView.swift in Sources */ = {isa = PBXBuildFile; fileRef = 248E3F482B258120001B10C3 /* TenDayForcastView.swift */; };
		248E3F4C2B2583E1001B10C3 /* Date+Extensions.swift in Sources */ = {isa = PBXBuildFile; fileRef = 248E3F4B2B2583E1001B10C3 /* Date+Extensions.swift */; };
		248E3F4E2B25959A001B10C3 /* WeatherTitleView.swift in Sources */ = {isa = PBXBuildFile; fileRef = 248E3F4D2B25959A001B10C3 /* WeatherTitleView.swift */; };
		248E3F502B2598C3001B10C3 /* HourlyPrecipitationChartView.swift in Sources */ = {isa = PBXBuildFile; fileRef = 248E3F4F2B2598C3001B10C3 /* HourlyPrecipitationChartView.swift */; };
		248E3F522B259C04001B10C3 /* DataAttributionView.swift in Sources */ = {isa = PBXBuildFile; fileRef = 248E3F512B259C04001B10C3 /* DataAttributionView.swift */; };
		248E3F542B25B1DE001B10C3 /* SearchView.swift in Sources */ = {isa = PBXBuildFile; fileRef = 248E3F532B25B1DE001B10C3 /* SearchView.swift */; };
		248E3F562B25B3CC001B10C3 /* SunTimeView.swift in Sources */ = {isa = PBXBuildFile; fileRef = 248E3F552B25B3CC001B10C3 /* SunTimeView.swift */; };
		249871712B2967F000580566 /* Double+Extensions.swift in Sources */ = {isa = PBXBuildFile; fileRef = 249871702B2967F000580566 /* Double+Extensions.swift */; };
		249871722B29928E00580566 /* Assets.xcassets in Resources */ = {isa = PBXBuildFile; fileRef = 2430862C2B23FE89006C78E9 /* Assets.xcassets */; };
		249871732B29995B00580566 /* AppColors.swift in Sources */ = {isa = PBXBuildFile; fileRef = 24C7D98B2B26145000453434 /* AppColors.swift */; };
		24A66DED2B269F1400B348CC /* UIScreen+Extensions.swift in Sources */ = {isa = PBXBuildFile; fileRef = 24A66DEC2B269F1400B348CC /* UIScreen+Extensions.swift */; };
		24A66DEF2B26B18800B348CC /* CityCurrentWeatherView.swift in Sources */ = {isa = PBXBuildFile; fileRef = 24A66DEE2B26B18800B348CC /* CityCurrentWeatherView.swift */; };
		24A66DF12B26DDCB00B348CC /* WeatherCondition+Extensions.swift in Sources */ = {isa = PBXBuildFile; fileRef = 24A66DF02B26DDCA00B348CC /* WeatherCondition+Extensions.swift */; };
		24A66DF32B26EEBB00B348CC /* EmojiViewCell.swift in Sources */ = {isa = PBXBuildFile; fileRef = 24A66DF22B26EEBB00B348CC /* EmojiViewCell.swift */; };
		24A66DF52B2711A600B348CC /* DynamicIslandPreviewView.swift in Sources */ = {isa = PBXBuildFile; fileRef = 24A66DF42B2711A600B348CC /* DynamicIslandPreviewView.swift */; };
		24A66DF92B2715B600B348CC /* FirebaseAnalytics in Frameworks */ = {isa = PBXBuildFile; productRef = 24A66DF82B2715B600B348CC /* FirebaseAnalytics */; };
		24A66E032B2749E900B348CC /* FirestoreManager.swift in Sources */ = {isa = PBXBuildFile; fileRef = 24A66E022B2749E900B348CC /* FirestoreManager.swift */; };
		24A66E052B274ACB00B348CC /* FirebaseStorage in Frameworks */ = {isa = PBXBuildFile; productRef = 24A66E042B274ACB00B348CC /* FirebaseStorage */; };
		24A66E072B274ACB00B348CC /* FirebaseStorageCombine-Community in Frameworks */ = {isa = PBXBuildFile; productRef = 24A66E062B274ACB00B348CC /* FirebaseStorageCombine-Community */; };
		24A66E092B275FB200B348CC /* GoogleService-Info.plist in Resources */ = {isa = PBXBuildFile; fileRef = 24A66E082B275FB200B348CC /* GoogleService-Info.plist */; };
		24C7D98C2B26145000453434 /* AppColors.swift in Sources */ = {isa = PBXBuildFile; fileRef = 24C7D98B2B26145000453434 /* AppColors.swift */; };
		24C7D98E2B26160E00453434 /* Color+Extension.swift in Sources */ = {isa = PBXBuildFile; fileRef = 24C7D98D2B26160E00453434 /* Color+Extension.swift */; };
/* End PBXBuildFile section */

/* Begin PBXContainerItemProxy section */
		243086362B23FE8A006C78E9 /* PBXContainerItemProxy */ = {
			isa = PBXContainerItemProxy;
			containerPortal = 2430861D2B23FE86006C78E9 /* Project object */;
			proxyType = 1;
			remoteGlobalIDString = 243086242B23FE86006C78E9;
			remoteInfo = WeatherIsMyMood;
		};
		243086402B23FE8A006C78E9 /* PBXContainerItemProxy */ = {
			isa = PBXContainerItemProxy;
			containerPortal = 2430861D2B23FE86006C78E9 /* Project object */;
			proxyType = 1;
			remoteGlobalIDString = 243086242B23FE86006C78E9;
			remoteInfo = WeatherIsMyMood;
		};
		247212F02B282F41009A6DE5 /* PBXContainerItemProxy */ = {
			isa = PBXContainerItemProxy;
			containerPortal = 2430861D2B23FE86006C78E9 /* Project object */;
			proxyType = 1;
			remoteGlobalIDString = 247212DE2B282F3E009A6DE5;
			remoteInfo = WeatherWidgetExtension;
		};
/* End PBXContainerItemProxy section */

/* Begin PBXCopyFilesBuildPhase section */
		247212F62B282F41009A6DE5 /* Embed Foundation Extensions */ = {
			isa = PBXCopyFilesBuildPhase;
			buildActionMask = 2147483647;
			dstPath = "";
			dstSubfolderSpec = 13;
			files = (
				247212F22B282F41009A6DE5 /* WeatherWidgetExtension.appex in Embed Foundation Extensions */,
			);
			name = "Embed Foundation Extensions";
			runOnlyForDeploymentPostprocessing = 0;
		};
/* End PBXCopyFilesBuildPhase section */

/* Begin PBXFileReference section */
		243086252B23FE86006C78E9 /* WeatherIsMyMood.app */ = {isa = PBXFileReference; explicitFileType = wrapper.application; includeInIndex = 0; path = WeatherIsMyMood.app; sourceTree = BUILT_PRODUCTS_DIR; };
		243086282B23FE86006C78E9 /* WeatherIsMyMoodApp.swift */ = {isa = PBXFileReference; lastKnownFileType = sourcecode.swift; path = WeatherIsMyMoodApp.swift; sourceTree = "<group>"; };
		2430862A2B23FE86006C78E9 /* WeatherView.swift */ = {isa = PBXFileReference; lastKnownFileType = sourcecode.swift; path = WeatherView.swift; sourceTree = "<group>"; };
		2430862C2B23FE89006C78E9 /* Assets.xcassets */ = {isa = PBXFileReference; lastKnownFileType = folder.assetcatalog; path = Assets.xcassets; sourceTree = "<group>"; };
		2430862F2B23FE89006C78E9 /* Preview Assets.xcassets */ = {isa = PBXFileReference; lastKnownFileType = folder.assetcatalog; path = "Preview Assets.xcassets"; sourceTree = "<group>"; };
		243086352B23FE89006C78E9 /* WeatherIsMyMoodTests.xctest */ = {isa = PBXFileReference; explicitFileType = wrapper.cfbundle; includeInIndex = 0; path = WeatherIsMyMoodTests.xctest; sourceTree = BUILT_PRODUCTS_DIR; };
		243086392B23FE8A006C78E9 /* WeatherIsMyMoodTests.swift */ = {isa = PBXFileReference; lastKnownFileType = sourcecode.swift; path = WeatherIsMyMoodTests.swift; sourceTree = "<group>"; };
		2430863F2B23FE8A006C78E9 /* WeatherIsMyMoodUITests.xctest */ = {isa = PBXFileReference; explicitFileType = wrapper.cfbundle; includeInIndex = 0; path = WeatherIsMyMoodUITests.xctest; sourceTree = BUILT_PRODUCTS_DIR; };
		243086432B23FE8A006C78E9 /* WeatherIsMyMoodUITests.swift */ = {isa = PBXFileReference; lastKnownFileType = sourcecode.swift; path = WeatherIsMyMoodUITests.swift; sourceTree = "<group>"; };
		243086452B23FE8A006C78E9 /* WeatherIsMyMoodUITestsLaunchTests.swift */ = {isa = PBXFileReference; lastKnownFileType = sourcecode.swift; path = WeatherIsMyMoodUITestsLaunchTests.swift; sourceTree = "<group>"; };
		2458CD212B25D720008F4AFE /* TitleView.swift */ = {isa = PBXFileReference; lastKnownFileType = sourcecode.swift; path = TitleView.swift; sourceTree = "<group>"; };
		2458CD232B25F5F3008F4AFE /* MainView.swift */ = {isa = PBXFileReference; lastKnownFileType = sourcecode.swift; path = MainView.swift; sourceTree = "<group>"; };
		2458CD272B25F8BF008F4AFE /* DecorationView.swift */ = {isa = PBXFileReference; lastKnownFileType = sourcecode.swift; path = DecorationView.swift; sourceTree = "<group>"; };
		247212D32B27FC5A009A6DE5 /* SettingsView.swift */ = {isa = PBXFileReference; lastKnownFileType = sourcecode.swift; path = SettingsView.swift; sourceTree = "<group>"; };
		247212D62B2822E7009A6DE5 /* LoadingView.swift */ = {isa = PBXFileReference; lastKnownFileType = sourcecode.swift; path = LoadingView.swift; sourceTree = "<group>"; };
		247212D92B282CBF009A6DE5 /* WeatherAttributes.swift */ = {isa = PBXFileReference; lastKnownFileType = sourcecode.swift; path = WeatherAttributes.swift; sourceTree = "<group>"; };
		247212DF2B282F3E009A6DE5 /* WeatherWidgetExtension.appex */ = {isa = PBXFileReference; explicitFileType = "wrapper.app-extension"; includeInIndex = 0; path = WeatherWidgetExtension.appex; sourceTree = BUILT_PRODUCTS_DIR; };
		247212E02B282F3E009A6DE5 /* WidgetKit.framework */ = {isa = PBXFileReference; lastKnownFileType = wrapper.framework; name = WidgetKit.framework; path = System/Library/Frameworks/WidgetKit.framework; sourceTree = SDKROOT; };
		247212E22B282F3F009A6DE5 /* SwiftUI.framework */ = {isa = PBXFileReference; lastKnownFileType = wrapper.framework; name = SwiftUI.framework; path = System/Library/Frameworks/SwiftUI.framework; sourceTree = SDKROOT; };
		247212E52B282F3F009A6DE5 /* WeatherWidgetBundle.swift */ = {isa = PBXFileReference; lastKnownFileType = sourcecode.swift; path = WeatherWidgetBundle.swift; sourceTree = "<group>"; };
		247212E92B282F3F009A6DE5 /* WeatherWidget.swift */ = {isa = PBXFileReference; lastKnownFileType = sourcecode.swift; path = WeatherWidget.swift; sourceTree = "<group>"; };
		247212ED2B282F41009A6DE5 /* Assets.xcassets */ = {isa = PBXFileReference; lastKnownFileType = folder.assetcatalog; path = Assets.xcassets; sourceTree = "<group>"; };
		247212EF2B282F41009A6DE5 /* Info.plist */ = {isa = PBXFileReference; lastKnownFileType = text.plist.xml; path = Info.plist; sourceTree = "<group>"; };
		247212F82B2837F0009A6DE5 /* EnableToggleView.swift */ = {isa = PBXFileReference; lastKnownFileType = sourcecode.swift; path = EnableToggleView.swift; sourceTree = "<group>"; };
		247212FA2B2841D5009A6DE5 /* UIImage+Extensions.swift */ = {isa = PBXFileReference; lastKnownFileType = sourcecode.swift; path = "UIImage+Extensions.swift"; sourceTree = "<group>"; };
		247212FD2B28B2FA009A6DE5 /* StorageCacheManager.swift */ = {isa = PBXFileReference; lastKnownFileType = sourcecode.swift; path = StorageCacheManager.swift; sourceTree = "<group>"; };
		247212FF2B28C4AD009A6DE5 /* View+Extensions.swift */ = {isa = PBXFileReference; lastKnownFileType = sourcecode.swift; path = "View+Extensions.swift"; sourceTree = "<group>"; };
		248E3F422B24887C001B10C3 /* WeatherIsMyMood.entitlements */ = {isa = PBXFileReference; lastKnownFileType = text.plist.entitlements; path = WeatherIsMyMood.entitlements; sourceTree = "<group>"; };
		248E3F442B249369001B10C3 /* LocationManager.swift */ = {isa = PBXFileReference; lastKnownFileType = sourcecode.swift; path = LocationManager.swift; sourceTree = "<group>"; };
		248E3F462B25769E001B10C3 /* HourlyForcastView.swift */ = {isa = PBXFileReference; lastKnownFileType = sourcecode.swift; path = HourlyForcastView.swift; sourceTree = "<group>"; };
		248E3F482B258120001B10C3 /* TenDayForcastView.swift */ = {isa = PBXFileReference; lastKnownFileType = sourcecode.swift; path = TenDayForcastView.swift; sourceTree = "<group>"; };
		248E3F4B2B2583E1001B10C3 /* Date+Extensions.swift */ = {isa = PBXFileReference; lastKnownFileType = sourcecode.swift; path = "Date+Extensions.swift"; sourceTree = "<group>"; };
		248E3F4D2B25959A001B10C3 /* WeatherTitleView.swift */ = {isa = PBXFileReference; lastKnownFileType = sourcecode.swift; path = WeatherTitleView.swift; sourceTree = "<group>"; };
		248E3F4F2B2598C3001B10C3 /* HourlyPrecipitationChartView.swift */ = {isa = PBXFileReference; lastKnownFileType = sourcecode.swift; path = HourlyPrecipitationChartView.swift; sourceTree = "<group>"; };
		248E3F512B259C04001B10C3 /* DataAttributionView.swift */ = {isa = PBXFileReference; lastKnownFileType = sourcecode.swift; path = DataAttributionView.swift; sourceTree = "<group>"; };
		248E3F532B25B1DE001B10C3 /* SearchView.swift */ = {isa = PBXFileReference; lastKnownFileType = sourcecode.swift; path = SearchView.swift; sourceTree = "<group>"; };
		248E3F552B25B3CC001B10C3 /* SunTimeView.swift */ = {isa = PBXFileReference; lastKnownFileType = sourcecode.swift; path = SunTimeView.swift; sourceTree = "<group>"; };
		249871702B2967F000580566 /* Double+Extensions.swift */ = {isa = PBXFileReference; lastKnownFileType = sourcecode.swift; path = "Double+Extensions.swift"; sourceTree = "<group>"; };
		24A66DEC2B269F1400B348CC /* UIScreen+Extensions.swift */ = {isa = PBXFileReference; lastKnownFileType = sourcecode.swift; path = "UIScreen+Extensions.swift"; sourceTree = "<group>"; };
		24A66DEE2B26B18800B348CC /* CityCurrentWeatherView.swift */ = {isa = PBXFileReference; lastKnownFileType = sourcecode.swift; path = CityCurrentWeatherView.swift; sourceTree = "<group>"; };
		24A66DF02B26DDCA00B348CC /* WeatherCondition+Extensions.swift */ = {isa = PBXFileReference; lastKnownFileType = sourcecode.swift; path = "WeatherCondition+Extensions.swift"; sourceTree = "<group>"; };
		24A66DF22B26EEBB00B348CC /* EmojiViewCell.swift */ = {isa = PBXFileReference; lastKnownFileType = sourcecode.swift; path = EmojiViewCell.swift; sourceTree = "<group>"; };
		24A66DF42B2711A600B348CC /* DynamicIslandPreviewView.swift */ = {isa = PBXFileReference; lastKnownFileType = sourcecode.swift; path = DynamicIslandPreviewView.swift; sourceTree = "<group>"; };
		24A66E022B2749E900B348CC /* FirestoreManager.swift */ = {isa = PBXFileReference; lastKnownFileType = sourcecode.swift; path = FirestoreManager.swift; sourceTree = "<group>"; };
		24A66E082B275FB200B348CC /* GoogleService-Info.plist */ = {isa = PBXFileReference; fileEncoding = 4; lastKnownFileType = text.plist.xml; path = "GoogleService-Info.plist"; sourceTree = "<group>"; };
		24C7D98B2B26145000453434 /* AppColors.swift */ = {isa = PBXFileReference; lastKnownFileType = sourcecode.swift; path = AppColors.swift; sourceTree = "<group>"; };
		24C7D98D2B26160E00453434 /* Color+Extension.swift */ = {isa = PBXFileReference; lastKnownFileType = sourcecode.swift; path = "Color+Extension.swift"; sourceTree = "<group>"; };
/* End PBXFileReference section */

/* Begin PBXFrameworksBuildPhase section */
		243086222B23FE86006C78E9 /* Frameworks */ = {
			isa = PBXFrameworksBuildPhase;
			buildActionMask = 2147483647;
			files = (
				24A66DF92B2715B600B348CC /* FirebaseAnalytics in Frameworks */,
				24A66E072B274ACB00B348CC /* FirebaseStorageCombine-Community in Frameworks */,
				24A66E052B274ACB00B348CC /* FirebaseStorage in Frameworks */,
			);
			runOnlyForDeploymentPostprocessing = 0;
		};
		243086322B23FE89006C78E9 /* Frameworks */ = {
			isa = PBXFrameworksBuildPhase;
			buildActionMask = 2147483647;
			files = (
			);
			runOnlyForDeploymentPostprocessing = 0;
		};
		2430863C2B23FE8A006C78E9 /* Frameworks */ = {
			isa = PBXFrameworksBuildPhase;
			buildActionMask = 2147483647;
			files = (
			);
			runOnlyForDeploymentPostprocessing = 0;
		};
		247212DC2B282F3E009A6DE5 /* Frameworks */ = {
			isa = PBXFrameworksBuildPhase;
			buildActionMask = 2147483647;
			files = (
				247212E32B282F3F009A6DE5 /* SwiftUI.framework in Frameworks */,
				247212E12B282F3F009A6DE5 /* WidgetKit.framework in Frameworks */,
			);
			runOnlyForDeploymentPostprocessing = 0;
		};
/* End PBXFrameworksBuildPhase section */

/* Begin PBXGroup section */
		2430861C2B23FE86006C78E9 = {
			isa = PBXGroup;
			children = (
				243086272B23FE86006C78E9 /* WeatherIsMyMood */,
				247212E42B282F3F009A6DE5 /* WeatherWidget */,
				243086382B23FE8A006C78E9 /* WeatherIsMyMoodTests */,
				243086422B23FE8A006C78E9 /* WeatherIsMyMoodUITests */,
				243086262B23FE86006C78E9 /* Products */,
				24A66DF72B2715B600B348CC /* Frameworks */,
			);
			sourceTree = "<group>";
		};
		243086262B23FE86006C78E9 /* Products */ = {
			isa = PBXGroup;
			children = (
				243086252B23FE86006C78E9 /* WeatherIsMyMood.app */,
				243086352B23FE89006C78E9 /* WeatherIsMyMoodTests.xctest */,
				2430863F2B23FE8A006C78E9 /* WeatherIsMyMoodUITests.xctest */,
				247212DF2B282F3E009A6DE5 /* WeatherWidgetExtension.appex */,
			);
			name = Products;
			sourceTree = "<group>";
		};
		243086272B23FE86006C78E9 /* WeatherIsMyMood */ = {
			isa = PBXGroup;
			children = (
				247212D82B282CB0009A6DE5 /* WidgetAttributes */,
				24C7D98A2B26144300453434 /* Utilities */,
				248E3F4A2B2583D3001B10C3 /* Extensions */,
				248E3F432B2492E4001B10C3 /* Managers */,
				248E3F422B24887C001B10C3 /* WeatherIsMyMood.entitlements */,
				248E3F402B23FECA001B10C3 /* Views */,
				243086282B23FE86006C78E9 /* WeatherIsMyMoodApp.swift */,
				24A66E082B275FB200B348CC /* GoogleService-Info.plist */,
				2430862C2B23FE89006C78E9 /* Assets.xcassets */,
				2430862E2B23FE89006C78E9 /* Preview Content */,
			);
			path = WeatherIsMyMood;
			sourceTree = "<group>";
		};
		2430862E2B23FE89006C78E9 /* Preview Content */ = {
			isa = PBXGroup;
			children = (
				2430862F2B23FE89006C78E9 /* Preview Assets.xcassets */,
			);
			path = "Preview Content";
			sourceTree = "<group>";
		};
		243086382B23FE8A006C78E9 /* WeatherIsMyMoodTests */ = {
			isa = PBXGroup;
			children = (
				243086392B23FE8A006C78E9 /* WeatherIsMyMoodTests.swift */,
			);
			path = WeatherIsMyMoodTests;
			sourceTree = "<group>";
		};
		243086422B23FE8A006C78E9 /* WeatherIsMyMoodUITests */ = {
			isa = PBXGroup;
			children = (
				243086432B23FE8A006C78E9 /* WeatherIsMyMoodUITests.swift */,
				243086452B23FE8A006C78E9 /* WeatherIsMyMoodUITestsLaunchTests.swift */,
			);
			path = WeatherIsMyMoodUITests;
			sourceTree = "<group>";
		};
		2458CD252B25F88A008F4AFE /* WeatherInfo */ = {
			isa = PBXGroup;
			children = (
				2430862A2B23FE86006C78E9 /* WeatherView.swift */,
				248E3F462B25769E001B10C3 /* HourlyForcastView.swift */,
				248E3F482B258120001B10C3 /* TenDayForcastView.swift */,
				248E3F4D2B25959A001B10C3 /* WeatherTitleView.swift */,
				248E3F4F2B2598C3001B10C3 /* HourlyPrecipitationChartView.swift */,
				248E3F512B259C04001B10C3 /* DataAttributionView.swift */,
				248E3F532B25B1DE001B10C3 /* SearchView.swift */,
				248E3F552B25B3CC001B10C3 /* SunTimeView.swift */,
				2458CD212B25D720008F4AFE /* TitleView.swift */,
				24A66DEE2B26B18800B348CC /* CityCurrentWeatherView.swift */,
			);
			path = WeatherInfo;
			sourceTree = "<group>";
		};
		2458CD262B25F89E008F4AFE /* DynamicIsland */ = {
			isa = PBXGroup;
			children = (
				2458CD272B25F8BF008F4AFE /* DecorationView.swift */,
				24A66DF22B26EEBB00B348CC /* EmojiViewCell.swift */,
				24A66DF42B2711A600B348CC /* DynamicIslandPreviewView.swift */,
				247212F82B2837F0009A6DE5 /* EnableToggleView.swift */,
			);
			path = DynamicIsland;
			sourceTree = "<group>";
		};
		247212D22B27FC4B009A6DE5 /* Settings */ = {
			isa = PBXGroup;
			children = (
				247212D32B27FC5A009A6DE5 /* SettingsView.swift */,
			);
			path = Settings;
			sourceTree = "<group>";
		};
		247212D52B2822D3009A6DE5 /* Utilities */ = {
			isa = PBXGroup;
			children = (
				247212D62B2822E7009A6DE5 /* LoadingView.swift */,
			);
			path = Utilities;
			sourceTree = "<group>";
		};
		247212D82B282CB0009A6DE5 /* WidgetAttributes */ = {
			isa = PBXGroup;
			children = (
				247212D92B282CBF009A6DE5 /* WeatherAttributes.swift */,
			);
			path = WidgetAttributes;
			sourceTree = "<group>";
		};
		247212E42B282F3F009A6DE5 /* WeatherWidget */ = {
			isa = PBXGroup;
			children = (
				247212E52B282F3F009A6DE5 /* WeatherWidgetBundle.swift */,
				247212E92B282F3F009A6DE5 /* WeatherWidget.swift */,
				247212ED2B282F41009A6DE5 /* Assets.xcassets */,
				247212EF2B282F41009A6DE5 /* Info.plist */,
			);
			path = WeatherWidget;
			sourceTree = "<group>";
		};
		248E3F402B23FECA001B10C3 /* Views */ = {
			isa = PBXGroup;
			children = (
				247212D52B2822D3009A6DE5 /* Utilities */,
				247212D22B27FC4B009A6DE5 /* Settings */,
				2458CD262B25F89E008F4AFE /* DynamicIsland */,
				2458CD252B25F88A008F4AFE /* WeatherInfo */,
				2458CD232B25F5F3008F4AFE /* MainView.swift */,
			);
			path = Views;
			sourceTree = "<group>";
		};
		248E3F432B2492E4001B10C3 /* Managers */ = {
			isa = PBXGroup;
			children = (
				248E3F442B249369001B10C3 /* LocationManager.swift */,
				24A66E022B2749E900B348CC /* FirestoreManager.swift */,
				247212FD2B28B2FA009A6DE5 /* StorageCacheManager.swift */,
			);
			path = Managers;
			sourceTree = "<group>";
		};
		248E3F4A2B2583D3001B10C3 /* Extensions */ = {
			isa = PBXGroup;
			children = (
				248E3F4B2B2583E1001B10C3 /* Date+Extensions.swift */,
				24C7D98D2B26160E00453434 /* Color+Extension.swift */,
				24A66DEC2B269F1400B348CC /* UIScreen+Extensions.swift */,
				24A66DF02B26DDCA00B348CC /* WeatherCondition+Extensions.swift */,
				247212FA2B2841D5009A6DE5 /* UIImage+Extensions.swift */,
				247212FF2B28C4AD009A6DE5 /* View+Extensions.swift */,
				249871702B2967F000580566 /* Double+Extensions.swift */,
			);
			path = Extensions;
			sourceTree = "<group>";
		};
		24A66DF72B2715B600B348CC /* Frameworks */ = {
			isa = PBXGroup;
			children = (
				247212E02B282F3E009A6DE5 /* WidgetKit.framework */,
				247212E22B282F3F009A6DE5 /* SwiftUI.framework */,
			);
			name = Frameworks;
			sourceTree = "<group>";
		};
		24C7D98A2B26144300453434 /* Utilities */ = {
			isa = PBXGroup;
			children = (
				24C7D98B2B26145000453434 /* AppColors.swift */,
			);
			path = Utilities;
			sourceTree = "<group>";
		};
/* End PBXGroup section */

/* Begin PBXNativeTarget section */
		243086242B23FE86006C78E9 /* WeatherIsMyMood */ = {
			isa = PBXNativeTarget;
			buildConfigurationList = 243086492B23FE8A006C78E9 /* Build configuration list for PBXNativeTarget "WeatherIsMyMood" */;
			buildPhases = (
				243086212B23FE86006C78E9 /* Sources */,
				243086222B23FE86006C78E9 /* Frameworks */,
				243086232B23FE86006C78E9 /* Resources */,
				247212F62B282F41009A6DE5 /* Embed Foundation Extensions */,
			);
			buildRules = (
			);
			dependencies = (
				247212F12B282F41009A6DE5 /* PBXTargetDependency */,
			);
			name = WeatherIsMyMood;
			packageProductDependencies = (
				24A66DF82B2715B600B348CC /* FirebaseAnalytics */,
				24A66E042B274ACB00B348CC /* FirebaseStorage */,
				24A66E062B274ACB00B348CC /* FirebaseStorageCombine-Community */,
			);
			productName = WeatherIsMyMood;
			productReference = 243086252B23FE86006C78E9 /* WeatherIsMyMood.app */;
			productType = "com.apple.product-type.application";
		};
		243086342B23FE89006C78E9 /* WeatherIsMyMoodTests */ = {
			isa = PBXNativeTarget;
			buildConfigurationList = 2430864C2B23FE8A006C78E9 /* Build configuration list for PBXNativeTarget "WeatherIsMyMoodTests" */;
			buildPhases = (
				243086312B23FE89006C78E9 /* Sources */,
				243086322B23FE89006C78E9 /* Frameworks */,
				243086332B23FE89006C78E9 /* Resources */,
			);
			buildRules = (
			);
			dependencies = (
				243086372B23FE8A006C78E9 /* PBXTargetDependency */,
			);
			name = WeatherIsMyMoodTests;
			productName = WeatherIsMyMoodTests;
			productReference = 243086352B23FE89006C78E9 /* WeatherIsMyMoodTests.xctest */;
			productType = "com.apple.product-type.bundle.unit-test";
		};
		2430863E2B23FE8A006C78E9 /* WeatherIsMyMoodUITests */ = {
			isa = PBXNativeTarget;
			buildConfigurationList = 2430864F2B23FE8A006C78E9 /* Build configuration list for PBXNativeTarget "WeatherIsMyMoodUITests" */;
			buildPhases = (
				2430863B2B23FE8A006C78E9 /* Sources */,
				2430863C2B23FE8A006C78E9 /* Frameworks */,
				2430863D2B23FE8A006C78E9 /* Resources */,
			);
			buildRules = (
			);
			dependencies = (
				243086412B23FE8A006C78E9 /* PBXTargetDependency */,
			);
			name = WeatherIsMyMoodUITests;
			productName = WeatherIsMyMoodUITests;
			productReference = 2430863F2B23FE8A006C78E9 /* WeatherIsMyMoodUITests.xctest */;
			productType = "com.apple.product-type.bundle.ui-testing";
		};
		247212DE2B282F3E009A6DE5 /* WeatherWidgetExtension */ = {
			isa = PBXNativeTarget;
			buildConfigurationList = 247212F32B282F41009A6DE5 /* Build configuration list for PBXNativeTarget "WeatherWidgetExtension" */;
			buildPhases = (
				247212DB2B282F3E009A6DE5 /* Sources */,
				247212DC2B282F3E009A6DE5 /* Frameworks */,
				247212DD2B282F3E009A6DE5 /* Resources */,
			);
			buildRules = (
			);
			dependencies = (
			);
			name = WeatherWidgetExtension;
			productName = WeatherWidgetExtension;
			productReference = 247212DF2B282F3E009A6DE5 /* WeatherWidgetExtension.appex */;
			productType = "com.apple.product-type.app-extension";
		};
/* End PBXNativeTarget section */

/* Begin PBXProject section */
		2430861D2B23FE86006C78E9 /* Project object */ = {
			isa = PBXProject;
			attributes = {
				BuildIndependentTargetsInParallel = 1;
				LastSwiftUpdateCheck = 1500;
				LastUpgradeCheck = 1500;
				TargetAttributes = {
					243086242B23FE86006C78E9 = {
						CreatedOnToolsVersion = 15.0.1;
					};
					243086342B23FE89006C78E9 = {
						CreatedOnToolsVersion = 15.0.1;
						TestTargetID = 243086242B23FE86006C78E9;
					};
					2430863E2B23FE8A006C78E9 = {
						CreatedOnToolsVersion = 15.0.1;
						TestTargetID = 243086242B23FE86006C78E9;
					};
					247212DE2B282F3E009A6DE5 = {
						CreatedOnToolsVersion = 15.0.1;
					};
				};
			};
			buildConfigurationList = 243086202B23FE86006C78E9 /* Build configuration list for PBXProject "WeatherIsMyMood" */;
			compatibilityVersion = "Xcode 14.0";
			developmentRegion = en;
			hasScannedForEncodings = 0;
			knownRegions = (
				en,
				Base,
			);
			mainGroup = 2430861C2B23FE86006C78E9;
			packageReferences = (
				24A66DF62B27159C00B348CC /* XCRemoteSwiftPackageReference "firebase-ios-sdk" */,
			);
			productRefGroup = 243086262B23FE86006C78E9 /* Products */;
			projectDirPath = "";
			projectRoot = "";
			targets = (
				243086242B23FE86006C78E9 /* WeatherIsMyMood */,
				243086342B23FE89006C78E9 /* WeatherIsMyMoodTests */,
				2430863E2B23FE8A006C78E9 /* WeatherIsMyMoodUITests */,
				247212DE2B282F3E009A6DE5 /* WeatherWidgetExtension */,
			);
		};
/* End PBXProject section */

/* Begin PBXResourcesBuildPhase section */
		243086232B23FE86006C78E9 /* Resources */ = {
			isa = PBXResourcesBuildPhase;
			buildActionMask = 2147483647;
			files = (
				243086302B23FE89006C78E9 /* Preview Assets.xcassets in Resources */,
				24A66E092B275FB200B348CC /* GoogleService-Info.plist in Resources */,
				2430862D2B23FE89006C78E9 /* Assets.xcassets in Resources */,
			);
			runOnlyForDeploymentPostprocessing = 0;
		};
		243086332B23FE89006C78E9 /* Resources */ = {
			isa = PBXResourcesBuildPhase;
			buildActionMask = 2147483647;
			files = (
			);
			runOnlyForDeploymentPostprocessing = 0;
		};
		2430863D2B23FE8A006C78E9 /* Resources */ = {
			isa = PBXResourcesBuildPhase;
			buildActionMask = 2147483647;
			files = (
			);
			runOnlyForDeploymentPostprocessing = 0;
		};
		247212DD2B282F3E009A6DE5 /* Resources */ = {
			isa = PBXResourcesBuildPhase;
			buildActionMask = 2147483647;
			files = (
				249871722B29928E00580566 /* Assets.xcassets in Resources */,
				247212EE2B282F41009A6DE5 /* Assets.xcassets in Resources */,
			);
			runOnlyForDeploymentPostprocessing = 0;
		};
/* End PBXResourcesBuildPhase section */

/* Begin PBXSourcesBuildPhase section */
		243086212B23FE86006C78E9 /* Sources */ = {
			isa = PBXSourcesBuildPhase;
			buildActionMask = 2147483647;
			files = (
				248E3F542B25B1DE001B10C3 /* SearchView.swift in Sources */,
				247212D42B27FC5A009A6DE5 /* SettingsView.swift in Sources */,
				2458CD242B25F5F3008F4AFE /* MainView.swift in Sources */,
				248E3F502B2598C3001B10C3 /* HourlyPrecipitationChartView.swift in Sources */,
				247212DA2B282CBF009A6DE5 /* WeatherAttributes.swift in Sources */,
				24C7D98C2B26145000453434 /* AppColors.swift in Sources */,
				247212D72B2822E7009A6DE5 /* LoadingView.swift in Sources */,
				249871712B2967F000580566 /* Double+Extensions.swift in Sources */,
				247212F92B2837F0009A6DE5 /* EnableToggleView.swift in Sources */,
				247212FE2B28B2FA009A6DE5 /* StorageCacheManager.swift in Sources */,
				24A66DF12B26DDCB00B348CC /* WeatherCondition+Extensions.swift in Sources */,
				24A66DF32B26EEBB00B348CC /* EmojiViewCell.swift in Sources */,
				2430862B2B23FE86006C78E9 /* WeatherView.swift in Sources */,
				243086292B23FE86006C78E9 /* WeatherIsMyMoodApp.swift in Sources */,
				248E3F492B258120001B10C3 /* TenDayForcastView.swift in Sources */,
				24C7D98E2B26160E00453434 /* Color+Extension.swift in Sources */,
				248E3F562B25B3CC001B10C3 /* SunTimeView.swift in Sources */,
				2458CD282B25F8BF008F4AFE /* DecorationView.swift in Sources */,
				24A66DED2B269F1400B348CC /* UIScreen+Extensions.swift in Sources */,
				248E3F472B25769E001B10C3 /* HourlyForcastView.swift in Sources */,
				247213002B28C4AD009A6DE5 /* View+Extensions.swift in Sources */,
				248E3F452B249369001B10C3 /* LocationManager.swift in Sources */,
				24A66DF52B2711A600B348CC /* DynamicIslandPreviewView.swift in Sources */,
				248E3F4C2B2583E1001B10C3 /* Date+Extensions.swift in Sources */,
				248E3F4E2B25959A001B10C3 /* WeatherTitleView.swift in Sources */,
				248E3F522B259C04001B10C3 /* DataAttributionView.swift in Sources */,
				24A66DEF2B26B18800B348CC /* CityCurrentWeatherView.swift in Sources */,
				247212FB2B2841D5009A6DE5 /* UIImage+Extensions.swift in Sources */,
				2458CD222B25D720008F4AFE /* TitleView.swift in Sources */,
				24A66E032B2749E900B348CC /* FirestoreManager.swift in Sources */,
			);
			runOnlyForDeploymentPostprocessing = 0;
		};
		243086312B23FE89006C78E9 /* Sources */ = {
			isa = PBXSourcesBuildPhase;
			buildActionMask = 2147483647;
			files = (
				2430863A2B23FE8A006C78E9 /* WeatherIsMyMoodTests.swift in Sources */,
			);
			runOnlyForDeploymentPostprocessing = 0;
		};
		2430863B2B23FE8A006C78E9 /* Sources */ = {
			isa = PBXSourcesBuildPhase;
			buildActionMask = 2147483647;
			files = (
				243086462B23FE8A006C78E9 /* WeatherIsMyMoodUITestsLaunchTests.swift in Sources */,
				243086442B23FE8A006C78E9 /* WeatherIsMyMoodUITests.swift in Sources */,
			);
			runOnlyForDeploymentPostprocessing = 0;
		};
		247212DB2B282F3E009A6DE5 /* Sources */ = {
			isa = PBXSourcesBuildPhase;
			buildActionMask = 2147483647;
			files = (
				247212E62B282F3F009A6DE5 /* WeatherWidgetBundle.swift in Sources */,
				249871732B29995B00580566 /* AppColors.swift in Sources */,
				247212EA2B282F3F009A6DE5 /* WeatherWidget.swift in Sources */,
				247212F72B282FD1009A6DE5 /* WeatherAttributes.swift in Sources */,
			);
			runOnlyForDeploymentPostprocessing = 0;
		};
/* End PBXSourcesBuildPhase section */

/* Begin PBXTargetDependency section */
		243086372B23FE8A006C78E9 /* PBXTargetDependency */ = {
			isa = PBXTargetDependency;
			target = 243086242B23FE86006C78E9 /* WeatherIsMyMood */;
			targetProxy = 243086362B23FE8A006C78E9 /* PBXContainerItemProxy */;
		};
		243086412B23FE8A006C78E9 /* PBXTargetDependency */ = {
			isa = PBXTargetDependency;
			target = 243086242B23FE86006C78E9 /* WeatherIsMyMood */;
			targetProxy = 243086402B23FE8A006C78E9 /* PBXContainerItemProxy */;
		};
		247212F12B282F41009A6DE5 /* PBXTargetDependency */ = {
			isa = PBXTargetDependency;
			target = 247212DE2B282F3E009A6DE5 /* WeatherWidgetExtension */;
			targetProxy = 247212F02B282F41009A6DE5 /* PBXContainerItemProxy */;
		};
/* End PBXTargetDependency section */

/* Begin XCBuildConfiguration section */
		243086472B23FE8A006C78E9 /* Debug */ = {
			isa = XCBuildConfiguration;
			buildSettings = {
				ALWAYS_SEARCH_USER_PATHS = NO;
				ASSETCATALOG_COMPILER_GENERATE_SWIFT_ASSET_SYMBOL_EXTENSIONS = YES;
				CLANG_ANALYZER_NONNULL = YES;
				CLANG_ANALYZER_NUMBER_OBJECT_CONVERSION = YES_AGGRESSIVE;
				CLANG_CXX_LANGUAGE_STANDARD = "gnu++20";
				CLANG_ENABLE_MODULES = YES;
				CLANG_ENABLE_OBJC_ARC = YES;
				CLANG_ENABLE_OBJC_WEAK = YES;
				CLANG_WARN_BLOCK_CAPTURE_AUTORELEASING = YES;
				CLANG_WARN_BOOL_CONVERSION = YES;
				CLANG_WARN_COMMA = YES;
				CLANG_WARN_CONSTANT_CONVERSION = YES;
				CLANG_WARN_DEPRECATED_OBJC_IMPLEMENTATIONS = YES;
				CLANG_WARN_DIRECT_OBJC_ISA_USAGE = YES_ERROR;
				CLANG_WARN_DOCUMENTATION_COMMENTS = YES;
				CLANG_WARN_EMPTY_BODY = YES;
				CLANG_WARN_ENUM_CONVERSION = YES;
				CLANG_WARN_INFINITE_RECURSION = YES;
				CLANG_WARN_INT_CONVERSION = YES;
				CLANG_WARN_NON_LITERAL_NULL_CONVERSION = YES;
				CLANG_WARN_OBJC_IMPLICIT_RETAIN_SELF = YES;
				CLANG_WARN_OBJC_LITERAL_CONVERSION = YES;
				CLANG_WARN_OBJC_ROOT_CLASS = YES_ERROR;
				CLANG_WARN_QUOTED_INCLUDE_IN_FRAMEWORK_HEADER = YES;
				CLANG_WARN_RANGE_LOOP_ANALYSIS = YES;
				CLANG_WARN_STRICT_PROTOTYPES = YES;
				CLANG_WARN_SUSPICIOUS_MOVE = YES;
				CLANG_WARN_UNGUARDED_AVAILABILITY = YES_AGGRESSIVE;
				CLANG_WARN_UNREACHABLE_CODE = YES;
				CLANG_WARN__DUPLICATE_METHOD_MATCH = YES;
				COPY_PHASE_STRIP = NO;
				DEBUG_INFORMATION_FORMAT = dwarf;
				ENABLE_STRICT_OBJC_MSGSEND = YES;
				ENABLE_TESTABILITY = YES;
				ENABLE_USER_SCRIPT_SANDBOXING = YES;
				GCC_C_LANGUAGE_STANDARD = gnu17;
				GCC_DYNAMIC_NO_PIC = NO;
				GCC_NO_COMMON_BLOCKS = YES;
				GCC_OPTIMIZATION_LEVEL = 0;
				GCC_PREPROCESSOR_DEFINITIONS = (
					"DEBUG=1",
					"$(inherited)",
				);
				GCC_WARN_64_TO_32_BIT_CONVERSION = YES;
				GCC_WARN_ABOUT_RETURN_TYPE = YES_ERROR;
				GCC_WARN_UNDECLARED_SELECTOR = YES;
				GCC_WARN_UNINITIALIZED_AUTOS = YES_AGGRESSIVE;
				GCC_WARN_UNUSED_FUNCTION = YES;
				GCC_WARN_UNUSED_VARIABLE = YES;
				IPHONEOS_DEPLOYMENT_TARGET = 17.0;
				LOCALIZATION_PREFERS_STRING_CATALOGS = YES;
				MTL_ENABLE_DEBUG_INFO = INCLUDE_SOURCE;
				MTL_FAST_MATH = YES;
				ONLY_ACTIVE_ARCH = YES;
				SDKROOT = iphoneos;
				SWIFT_ACTIVE_COMPILATION_CONDITIONS = "DEBUG $(inherited)";
				SWIFT_OPTIMIZATION_LEVEL = "-Onone";
			};
			name = Debug;
		};
		243086482B23FE8A006C78E9 /* Release */ = {
			isa = XCBuildConfiguration;
			buildSettings = {
				ALWAYS_SEARCH_USER_PATHS = NO;
				ASSETCATALOG_COMPILER_GENERATE_SWIFT_ASSET_SYMBOL_EXTENSIONS = YES;
				CLANG_ANALYZER_NONNULL = YES;
				CLANG_ANALYZER_NUMBER_OBJECT_CONVERSION = YES_AGGRESSIVE;
				CLANG_CXX_LANGUAGE_STANDARD = "gnu++20";
				CLANG_ENABLE_MODULES = YES;
				CLANG_ENABLE_OBJC_ARC = YES;
				CLANG_ENABLE_OBJC_WEAK = YES;
				CLANG_WARN_BLOCK_CAPTURE_AUTORELEASING = YES;
				CLANG_WARN_BOOL_CONVERSION = YES;
				CLANG_WARN_COMMA = YES;
				CLANG_WARN_CONSTANT_CONVERSION = YES;
				CLANG_WARN_DEPRECATED_OBJC_IMPLEMENTATIONS = YES;
				CLANG_WARN_DIRECT_OBJC_ISA_USAGE = YES_ERROR;
				CLANG_WARN_DOCUMENTATION_COMMENTS = YES;
				CLANG_WARN_EMPTY_BODY = YES;
				CLANG_WARN_ENUM_CONVERSION = YES;
				CLANG_WARN_INFINITE_RECURSION = YES;
				CLANG_WARN_INT_CONVERSION = YES;
				CLANG_WARN_NON_LITERAL_NULL_CONVERSION = YES;
				CLANG_WARN_OBJC_IMPLICIT_RETAIN_SELF = YES;
				CLANG_WARN_OBJC_LITERAL_CONVERSION = YES;
				CLANG_WARN_OBJC_ROOT_CLASS = YES_ERROR;
				CLANG_WARN_QUOTED_INCLUDE_IN_FRAMEWORK_HEADER = YES;
				CLANG_WARN_RANGE_LOOP_ANALYSIS = YES;
				CLANG_WARN_STRICT_PROTOTYPES = YES;
				CLANG_WARN_SUSPICIOUS_MOVE = YES;
				CLANG_WARN_UNGUARDED_AVAILABILITY = YES_AGGRESSIVE;
				CLANG_WARN_UNREACHABLE_CODE = YES;
				CLANG_WARN__DUPLICATE_METHOD_MATCH = YES;
				COPY_PHASE_STRIP = NO;
				DEBUG_INFORMATION_FORMAT = "dwarf-with-dsym";
				ENABLE_NS_ASSERTIONS = NO;
				ENABLE_STRICT_OBJC_MSGSEND = YES;
				ENABLE_USER_SCRIPT_SANDBOXING = YES;
				GCC_C_LANGUAGE_STANDARD = gnu17;
				GCC_NO_COMMON_BLOCKS = YES;
				GCC_WARN_64_TO_32_BIT_CONVERSION = YES;
				GCC_WARN_ABOUT_RETURN_TYPE = YES_ERROR;
				GCC_WARN_UNDECLARED_SELECTOR = YES;
				GCC_WARN_UNINITIALIZED_AUTOS = YES_AGGRESSIVE;
				GCC_WARN_UNUSED_FUNCTION = YES;
				GCC_WARN_UNUSED_VARIABLE = YES;
				IPHONEOS_DEPLOYMENT_TARGET = 17.0;
				LOCALIZATION_PREFERS_STRING_CATALOGS = YES;
				MTL_ENABLE_DEBUG_INFO = NO;
				MTL_FAST_MATH = YES;
				SDKROOT = iphoneos;
				SWIFT_COMPILATION_MODE = wholemodule;
				VALIDATE_PRODUCT = YES;
			};
			name = Release;
		};
		2430864A2B23FE8A006C78E9 /* Debug */ = {
			isa = XCBuildConfiguration;
			buildSettings = {
				ALWAYS_EMBED_SWIFT_STANDARD_LIBRARIES = YES;
				ASSETCATALOG_COMPILER_APPICON_NAME = AppIcon;
				ASSETCATALOG_COMPILER_GLOBAL_ACCENT_COLOR_NAME = AccentColor;
				CODE_SIGN_ENTITLEMENTS = WeatherIsMyMood/WeatherIsMyMood.entitlements;
				CODE_SIGN_STYLE = Automatic;
				CURRENT_PROJECT_VERSION = 1;
				DEVELOPMENT_ASSET_PATHS = "\"WeatherIsMyMood/Preview Content\"";
				DEVELOPMENT_TEAM = KZ7GPQGAGJ;
				ENABLE_PREVIEWS = YES;
				GENERATE_INFOPLIST_FILE = YES;
				INFOPLIST_KEY_NSLocationAlwaysAndWhenInUseUsageDescription = "WeatherIsMyMood에서 위치 정보를 사용하고자 합니다.";
				INFOPLIST_KEY_NSLocationWhenInUseUsageDescription = "WeatherIsMyMood에서 위치 정보를 사용하고자 합니다.";
				INFOPLIST_KEY_NSSupportsLiveActivities = YES;
				INFOPLIST_KEY_UIApplicationSceneManifest_Generation = YES;
				INFOPLIST_KEY_UIApplicationSupportsIndirectInputEvents = YES;
				INFOPLIST_KEY_UILaunchScreen_Generation = YES;
				INFOPLIST_KEY_UISupportedInterfaceOrientations = UIInterfaceOrientationPortrait;
				IPHONEOS_DEPLOYMENT_TARGET = 16.2;
				LD_RUNPATH_SEARCH_PATHS = (
					"$(inherited)",
					"@executable_path/Frameworks",
				);
				MARKETING_VERSION = 1.0;
				PRODUCT_BUNDLE_IDENTIFIER = com.gghoneycomb.WeatherIsMyMood;
				PRODUCT_NAME = "$(TARGET_NAME)";
				SUPPORTED_PLATFORMS = "iphoneos iphonesimulator";
				SUPPORTS_MACCATALYST = NO;
				SUPPORTS_MAC_DESIGNED_FOR_IPHONE_IPAD = NO;
				SWIFT_EMIT_LOC_STRINGS = YES;
				SWIFT_VERSION = 5.0;
				TARGETED_DEVICE_FAMILY = 1;
			};
			name = Debug;
		};
		2430864B2B23FE8A006C78E9 /* Release */ = {
			isa = XCBuildConfiguration;
			buildSettings = {
				ALWAYS_EMBED_SWIFT_STANDARD_LIBRARIES = YES;
				ASSETCATALOG_COMPILER_APPICON_NAME = AppIcon;
				ASSETCATALOG_COMPILER_GLOBAL_ACCENT_COLOR_NAME = AccentColor;
				CODE_SIGN_ENTITLEMENTS = WeatherIsMyMood/WeatherIsMyMood.entitlements;
				CODE_SIGN_STYLE = Automatic;
				CURRENT_PROJECT_VERSION = 1;
				DEVELOPMENT_ASSET_PATHS = "\"WeatherIsMyMood/Preview Content\"";
				DEVELOPMENT_TEAM = KZ7GPQGAGJ;
				ENABLE_PREVIEWS = YES;
				GENERATE_INFOPLIST_FILE = YES;
				INFOPLIST_KEY_NSLocationAlwaysAndWhenInUseUsageDescription = "WeatherIsMyMood에서 위치 정보를 사용하고자 합니다.";
				INFOPLIST_KEY_NSLocationWhenInUseUsageDescription = "WeatherIsMyMood에서 위치 정보를 사용하고자 합니다.";
				INFOPLIST_KEY_NSSupportsLiveActivities = YES;
				INFOPLIST_KEY_UIApplicationSceneManifest_Generation = YES;
				INFOPLIST_KEY_UIApplicationSupportsIndirectInputEvents = YES;
				INFOPLIST_KEY_UILaunchScreen_Generation = YES;
				INFOPLIST_KEY_UISupportedInterfaceOrientations = UIInterfaceOrientationPortrait;
				IPHONEOS_DEPLOYMENT_TARGET = 16.2;
				LD_RUNPATH_SEARCH_PATHS = (
					"$(inherited)",
					"@executable_path/Frameworks",
				);
				MARKETING_VERSION = 1.0;
				PRODUCT_BUNDLE_IDENTIFIER = com.gghoneycomb.WeatherIsMyMood;
				PRODUCT_NAME = "$(TARGET_NAME)";
				SUPPORTED_PLATFORMS = "iphoneos iphonesimulator";
				SUPPORTS_MACCATALYST = NO;
				SUPPORTS_MAC_DESIGNED_FOR_IPHONE_IPAD = NO;
				SWIFT_EMIT_LOC_STRINGS = YES;
				SWIFT_VERSION = 5.0;
				TARGETED_DEVICE_FAMILY = 1;
			};
			name = Release;
		};
		2430864D2B23FE8A006C78E9 /* Debug */ = {
			isa = XCBuildConfiguration;
			buildSettings = {
				ALWAYS_EMBED_SWIFT_STANDARD_LIBRARIES = YES;
				BUNDLE_LOADER = "$(TEST_HOST)";
				CODE_SIGN_STYLE = Automatic;
				CURRENT_PROJECT_VERSION = 1;
				DEVELOPMENT_TEAM = KZ7GPQGAGJ;
				GENERATE_INFOPLIST_FILE = YES;
				IPHONEOS_DEPLOYMENT_TARGET = 17.0;
				MARKETING_VERSION = 1.0;
				PRODUCT_BUNDLE_IDENTIFIER = com.gghoneycomb.WeatherIsMyMoodTests;
				PRODUCT_NAME = "$(TARGET_NAME)";
				SWIFT_EMIT_LOC_STRINGS = NO;
				SWIFT_VERSION = 5.0;
				TARGETED_DEVICE_FAMILY = "1,2";
				TEST_HOST = "$(BUILT_PRODUCTS_DIR)/WeatherIsMyMood.app/$(BUNDLE_EXECUTABLE_FOLDER_PATH)/WeatherIsMyMood";
			};
			name = Debug;
		};
		2430864E2B23FE8A006C78E9 /* Release */ = {
			isa = XCBuildConfiguration;
			buildSettings = {
				ALWAYS_EMBED_SWIFT_STANDARD_LIBRARIES = YES;
				BUNDLE_LOADER = "$(TEST_HOST)";
				CODE_SIGN_STYLE = Automatic;
				CURRENT_PROJECT_VERSION = 1;
				DEVELOPMENT_TEAM = KZ7GPQGAGJ;
				GENERATE_INFOPLIST_FILE = YES;
				IPHONEOS_DEPLOYMENT_TARGET = 17.0;
				MARKETING_VERSION = 1.0;
				PRODUCT_BUNDLE_IDENTIFIER = com.gghoneycomb.WeatherIsMyMoodTests;
				PRODUCT_NAME = "$(TARGET_NAME)";
				SWIFT_EMIT_LOC_STRINGS = NO;
				SWIFT_VERSION = 5.0;
				TARGETED_DEVICE_FAMILY = "1,2";
				TEST_HOST = "$(BUILT_PRODUCTS_DIR)/WeatherIsMyMood.app/$(BUNDLE_EXECUTABLE_FOLDER_PATH)/WeatherIsMyMood";
			};
			name = Release;
		};
		243086502B23FE8A006C78E9 /* Debug */ = {
			isa = XCBuildConfiguration;
			buildSettings = {
				ALWAYS_EMBED_SWIFT_STANDARD_LIBRARIES = YES;
				CODE_SIGN_STYLE = Automatic;
				CURRENT_PROJECT_VERSION = 1;
				DEVELOPMENT_TEAM = KZ7GPQGAGJ;
				GENERATE_INFOPLIST_FILE = YES;
				MARKETING_VERSION = 1.0;
				PRODUCT_BUNDLE_IDENTIFIER = com.gghoneycomb.WeatherIsMyMoodUITests;
				PRODUCT_NAME = "$(TARGET_NAME)";
				SWIFT_EMIT_LOC_STRINGS = NO;
				SWIFT_VERSION = 5.0;
				TARGETED_DEVICE_FAMILY = "1,2";
				TEST_TARGET_NAME = WeatherIsMyMood;
			};
			name = Debug;
		};
		243086512B23FE8A006C78E9 /* Release */ = {
			isa = XCBuildConfiguration;
			buildSettings = {
				ALWAYS_EMBED_SWIFT_STANDARD_LIBRARIES = YES;
				CODE_SIGN_STYLE = Automatic;
				CURRENT_PROJECT_VERSION = 1;
				DEVELOPMENT_TEAM = KZ7GPQGAGJ;
				GENERATE_INFOPLIST_FILE = YES;
				MARKETING_VERSION = 1.0;
				PRODUCT_BUNDLE_IDENTIFIER = com.gghoneycomb.WeatherIsMyMoodUITests;
				PRODUCT_NAME = "$(TARGET_NAME)";
				SWIFT_EMIT_LOC_STRINGS = NO;
				SWIFT_VERSION = 5.0;
				TARGETED_DEVICE_FAMILY = "1,2";
				TEST_TARGET_NAME = WeatherIsMyMood;
			};
			name = Release;
		};
		247212F42B282F41009A6DE5 /* Debug */ = {
			isa = XCBuildConfiguration;
			buildSettings = {
				ASSETCATALOG_COMPILER_GLOBAL_ACCENT_COLOR_NAME = AccentColor;
				ASSETCATALOG_COMPILER_WIDGET_BACKGROUND_COLOR_NAME = WidgetBackground;
				CODE_SIGN_STYLE = Automatic;
				CURRENT_PROJECT_VERSION = 1;
				DEVELOPMENT_TEAM = KZ7GPQGAGJ;
				GENERATE_INFOPLIST_FILE = YES;
				INFOPLIST_FILE = WeatherWidget/Info.plist;
				INFOPLIST_KEY_CFBundleDisplayName = WeatherWidget;
				INFOPLIST_KEY_NSHumanReadableCopyright = "";
				LD_RUNPATH_SEARCH_PATHS = (
					"$(inherited)",
					"@executable_path/Frameworks",
					"@executable_path/../../Frameworks",
				);
				MARKETING_VERSION = 1.0;
				PRODUCT_BUNDLE_IDENTIFIER = com.gghoneycomb.WeatherIsMyMood.WeatherWidget;
				PRODUCT_NAME = "$(TARGET_NAME)";
				SKIP_INSTALL = YES;
				SWIFT_EMIT_LOC_STRINGS = YES;
				SWIFT_VERSION = 5.0;
				TARGETED_DEVICE_FAMILY = "1,2";
			};
			name = Debug;
		};
		247212F52B282F41009A6DE5 /* Release */ = {
			isa = XCBuildConfiguration;
			buildSettings = {
				ASSETCATALOG_COMPILER_GLOBAL_ACCENT_COLOR_NAME = AccentColor;
				ASSETCATALOG_COMPILER_WIDGET_BACKGROUND_COLOR_NAME = WidgetBackground;
				CODE_SIGN_STYLE = Automatic;
				CURRENT_PROJECT_VERSION = 1;
				DEVELOPMENT_TEAM = KZ7GPQGAGJ;
				GENERATE_INFOPLIST_FILE = YES;
				INFOPLIST_FILE = WeatherWidget/Info.plist;
				INFOPLIST_KEY_CFBundleDisplayName = WeatherWidget;
				INFOPLIST_KEY_NSHumanReadableCopyright = "";
				LD_RUNPATH_SEARCH_PATHS = (
					"$(inherited)",
					"@executable_path/Frameworks",
					"@executable_path/../../Frameworks",
				);
				MARKETING_VERSION = 1.0;
				PRODUCT_BUNDLE_IDENTIFIER = com.gghoneycomb.WeatherIsMyMood.WeatherWidget;
				PRODUCT_NAME = "$(TARGET_NAME)";
				SKIP_INSTALL = YES;
				SWIFT_EMIT_LOC_STRINGS = YES;
				SWIFT_VERSION = 5.0;
				TARGETED_DEVICE_FAMILY = "1,2";
			};
			name = Release;
		};
/* End XCBuildConfiguration section */

/* Begin XCConfigurationList section */
		243086202B23FE86006C78E9 /* Build configuration list for PBXProject "WeatherIsMyMood" */ = {
			isa = XCConfigurationList;
			buildConfigurations = (
				243086472B23FE8A006C78E9 /* Debug */,
				243086482B23FE8A006C78E9 /* Release */,
			);
			defaultConfigurationIsVisible = 0;
			defaultConfigurationName = Release;
		};
		243086492B23FE8A006C78E9 /* Build configuration list for PBXNativeTarget "WeatherIsMyMood" */ = {
			isa = XCConfigurationList;
			buildConfigurations = (
				2430864A2B23FE8A006C78E9 /* Debug */,
				2430864B2B23FE8A006C78E9 /* Release */,
			);
			defaultConfigurationIsVisible = 0;
			defaultConfigurationName = Release;
		};
		2430864C2B23FE8A006C78E9 /* Build configuration list for PBXNativeTarget "WeatherIsMyMoodTests" */ = {
			isa = XCConfigurationList;
			buildConfigurations = (
				2430864D2B23FE8A006C78E9 /* Debug */,
				2430864E2B23FE8A006C78E9 /* Release */,
			);
			defaultConfigurationIsVisible = 0;
			defaultConfigurationName = Release;
		};
		2430864F2B23FE8A006C78E9 /* Build configuration list for PBXNativeTarget "WeatherIsMyMoodUITests" */ = {
			isa = XCConfigurationList;
			buildConfigurations = (
				243086502B23FE8A006C78E9 /* Debug */,
				243086512B23FE8A006C78E9 /* Release */,
			);
			defaultConfigurationIsVisible = 0;
			defaultConfigurationName = Release;
		};
		247212F32B282F41009A6DE5 /* Build configuration list for PBXNativeTarget "WeatherWidgetExtension" */ = {
			isa = XCConfigurationList;
			buildConfigurations = (
				247212F42B282F41009A6DE5 /* Debug */,
				247212F52B282F41009A6DE5 /* Release */,
			);
			defaultConfigurationIsVisible = 0;
			defaultConfigurationName = Release;
		};
/* End XCConfigurationList section */

/* Begin XCRemoteSwiftPackageReference section */
		24A66DF62B27159C00B348CC /* XCRemoteSwiftPackageReference "firebase-ios-sdk" */ = {
			isa = XCRemoteSwiftPackageReference;
			repositoryURL = "https://github.com/firebase/firebase-ios-sdk.git";
			requirement = {
				kind = upToNextMajorVersion;
				minimumVersion = 10.19.0;
			};
		};
/* End XCRemoteSwiftPackageReference section */

/* Begin XCSwiftPackageProductDependency section */
		24A66DF82B2715B600B348CC /* FirebaseAnalytics */ = {
			isa = XCSwiftPackageProductDependency;
			package = 24A66DF62B27159C00B348CC /* XCRemoteSwiftPackageReference "firebase-ios-sdk" */;
			productName = FirebaseAnalytics;
		};
		24A66E042B274ACB00B348CC /* FirebaseStorage */ = {
			isa = XCSwiftPackageProductDependency;
			package = 24A66DF62B27159C00B348CC /* XCRemoteSwiftPackageReference "firebase-ios-sdk" */;
			productName = FirebaseStorage;
		};
		24A66E062B274ACB00B348CC /* FirebaseStorageCombine-Community */ = {
			isa = XCSwiftPackageProductDependency;
			package = 24A66DF62B27159C00B348CC /* XCRemoteSwiftPackageReference "firebase-ios-sdk" */;
			productName = "FirebaseStorageCombine-Community";
		};
/* End XCSwiftPackageProductDependency section */
	};
	rootObject = 2430861D2B23FE86006C78E9 /* Project object */;
}
